
Microsoft Visual Studio Solution File, Format Version 12.00
# Visual Studio Version 16
VisualStudioVersion = 16.0.30114.105
MinimumVisualStudioVersion = 10.0.40219.1
Project("{FAE04EC0-301F-11D3-BF4B-00C04F79EFBC}") = "WebApplication1", "WebApplication1\WebApplication1.csproj", "{806E248E-97B6-4ACE-AAB7-E49E067EBAF1}"
EndProject
Global
	GlobalSection(SolutionConfigurationPlatforms) = preSolution
		Debug|Any CPU = Debug|Any CPU
		Release|Any CPU = Release|Any CPU
	EndGlobalSection
	GlobalSection(ProjectConfigurationPlatforms) = postSolution
		{806E248E-97B6-4ACE-AAB7-E49E067EBAF1}.Debug|Any CPU.ActiveCfg = Debug|Any CPU
		{806E248E-97B6-4ACE-AAB7-E49E067EBAF1}.Debug|Any CPU.Build.0 = Debug|Any CPU
		{806E248E-97B6-4ACE-AAB7-E49E067EBAF1}.Release|Any CPU.ActiveCfg = Release|Any CPU
		{806E248E-97B6-4ACE-AAB7-E49E067EBAF1}.Release|Any CPU.Build.0 = Release|Any CPU
	EndGlobalSection
	GlobalSection(SolutionProperties) = preSolution
		HideSolutionNode = FALSE
	EndGlobalSection
	GlobalSection(ExtensibilityGlobals) = postSolution
		SolutionGuid = {3A8F73C7-F144-45F7-B08B-A61470B35933}
	EndGlobalSection
EndGlobal
